{
  "pins" : [
    {
      "identity" : "navigationbackport",
      "kind" : "remoteSourceControl",
      "location" : "https://github.com/johnpatrickmorgan/NavigationBackport.git",
      "state" : {
        "branch" : "main",
        "revision" : "5096dda355148dd40162810e7f56292ce0a2b09b"
      }
    },
    {
      "identity" : "turbo-ios",
      "kind" : "remoteSourceControl",
      "location" : "https://github.com/hotwired/turbo-ios",
      "state" : {
        "branch" : "main",
        "revision" : "3770a450173fa31754057b5e1912fa888b000cf3"
      }
    }
  ],
  "version" : 2
}
